
Microsoft Visual Studio Solution File, Format Version 12.00
# Visual Studio Version 16
VisualStudioVersion = 16.0.29519.87
MinimumVisualStudioVersion = 10.0.40219.1
Project("{FAE04EC0-301F-11D3-BF4B-00C04F79EFBC}") = "ContainerVervoer", "ContainerVervoer.csproj", "{B0BC4E0B-1289-4749-AD6B-C3E7026008A0}"
EndProject
Global
	GlobalSection(SolutionConfigurationPlatforms) = preSolution
		Debug|Any CPU = Debug|Any CPU
		Release|Any CPU = Release|Any CPU
	EndGlobalSection
	GlobalSection(ProjectConfigurationPlatforms) = postSolution
		{B0BC4E0B-1289-4749-AD6B-C3E7026008A0}.Debug|Any CPU.ActiveCfg = Debug|Any CPU
		{B0BC4E0B-1289-4749-AD6B-C3E7026008A0}.Debug|Any CPU.Build.0 = Debug|Any CPU
		{B0BC4E0B-1289-4749-AD6B-C3E7026008A0}.Release|Any CPU.ActiveCfg = Release|Any CPU
		{B0BC4E0B-1289-4749-AD6B-C3E7026008A0}.Release|Any CPU.Build.0 = Release|Any CPU
	EndGlobalSection
	GlobalSection(SolutionProperties) = preSolution
		HideSolutionNode = FALSE
	EndGlobalSection
	GlobalSection(ExtensibilityGlobals) = postSolution
		SolutionGuid = {679E2FC1-2C29-4FD2-B266-88912A8B654E}
	EndGlobalSection
EndGlobal
